// !$*UTF8*$!
{
	archiveVersion = 1;
	classes = {
	};
	objectVersion = 42;
	objects = {

/* Begin PBXAggregateTarget section */
		D49D66890C00ED0900891D09 /* MacFusion + Plugins */ = {
			isa = PBXAggregateTarget;
			buildConfigurationList = D49D66B20C00ED5600891D09 /* Build configuration list for PBXAggregateTarget "MacFusion + Plugins" */;
			buildPhases = (
				D49D66A10C00ED1E00891D09 /* CopyFiles */,
			);
			comments = "This should be the default configuration ...\nIt will place plugins in the default path";
			dependencies = (
				D49D66A00C00ED1500891D09 /* PBXTargetDependency */,
				D49D668D0C00ED1300891D09 /* PBXTargetDependency */,
				D49D668B0C00ED1200891D09 /* PBXTargetDependency */,
			);
			name = "MacFusion + Plugins";
			productName = MacFusionTotalBundle;
		};
/* End PBXAggregateTarget section */

/* Begin PBXBuildFile section */
		3DF72E620B8C5AE100D355C5 /* Sparkle.framework in Frameworks */ = {isa = PBXBuildFile; fileRef = 3DF72E610B8C5AE100D355C5 /* Sparkle.framework */; };
		3DF72E790B8C5B0200D355C5 /* Sparkle.framework in CopyFiles */ = {isa = PBXBuildFile; fileRef = 3DF72E610B8C5AE100D355C5 /* Sparkle.framework */; };
		8D11072A0486CEB800E47090 /* MainMenu.nib in Resources */ = {isa = PBXBuildFile; fileRef = 29B97318FDCFA39411CA2CEA /* MainMenu.nib */; };
		8D11072B0486CEB800E47090 /* InfoPlist.strings in Resources */ = {isa = PBXBuildFile; fileRef = 089C165CFE840E0CC02AAC07 /* InfoPlist.strings */; };
		8D11072D0486CEB800E47090 /* main.m in Sources */ = {isa = PBXBuildFile; fileRef = 29B97316FDCFA39411CA2CEA /* main.m */; settings = {ATTRIBUTES = (); }; };
		8D11072F0486CEB800E47090 /* Cocoa.framework in Frameworks */ = {isa = PBXBuildFile; fileRef = 1058C7A1FEA54F0111CA2CBB /* Cocoa.framework */; };
		D40962110B80E21100EABE40 /* FancyFavoritesController.m in Sources */ = {isa = PBXBuildFile; fileRef = D409620F0B80E21100EABE40 /* FancyFavoritesController.m */; };
		D40962140B80E2CE00EABE40 /* FancyFavorites.nib in Resources */ = {isa = PBXBuildFile; fileRef = D40962120B80E2CE00EABE40 /* FancyFavorites.nib */; };
		D409623E0B80E41900EABE40 /* MacFusionFSCell.m in Sources */ = {isa = PBXBuildFile; fileRef = D409623C0B80E41900EABE40 /* MacFusionFSCell.m */; };
		D40966EB0B812A7500EABE40 /* MacFusionStatusCell.m in Sources */ = {isa = PBXBuildFile; fileRef = D40966E90B812A7500EABE40 /* MacFusionStatusCell.m */; };
		D40969C20B8264A800EABE40 /* EditFavorites.nib in Resources */ = {isa = PBXBuildFile; fileRef = D40969C00B8264A800EABE40 /* EditFavorites.nib */; };
		D40969C60B82658F00EABE40 /* EditController.m in Sources */ = {isa = PBXBuildFile; fileRef = D40969C40B82658F00EABE40 /* EditController.m */; };
		D40C7C420BADA3D100567D29 /* sshfs-static in Resources */ = {isa = PBXBuildFile; fileRef = D40C7C410BADA3D100567D29 /* sshfs-static */; };
		D42AEF820B5FD379008C6F84 /* MacFusionConstants.m in Sources */ = {isa = PBXBuildFile; fileRef = D42AEF800B5FD379008C6F84 /* MacFusionConstants.m */; };
		D42F35730BF3A7FE0015B135 /* sshnodelay.so in CopyFiles */ = {isa = PBXBuildFile; fileRef = D42F35720BF3A7FE0015B135 /* sshnodelay.so */; };
		D43D356B0BA8C9E100282A8D /* MacFusion.icns in Resources */ = {isa = PBXBuildFile; fileRef = D43D356A0BA8C9E100282A8D /* MacFusion.icns */; };
		D4498D060B5A371D003B9DFF /* MacFusionController.m in Sources */ = {isa = PBXBuildFile; fileRef = D4498D050B5A371D003B9DFF /* MacFusionController.m */; };
		D44C0C620B61191700C778DC /* Growl.framework in Frameworks */ = {isa = PBXBuildFile; fileRef = D44C0C610B61191700C778DC /* Growl.framework */; };
		D44C0C780B61193D00C778DC /* Growl.framework in CopyFiles */ = {isa = PBXBuildFile; fileRef = D44C0C610B61191700C778DC /* Growl.framework */; };
		D45D9BCF0B75635D002E6C08 /* askpass.c in Sources */ = {isa = PBXBuildFile; fileRef = D45D99D80B755062002E6C08 /* askpass.c */; };
		D45D9BD00B756366002E6C08 /* Security.framework in Frameworks */ = {isa = PBXBuildFile; fileRef = D45D9A3D0B755F27002E6C08 /* Security.framework */; };
		D45D9BD40B75637F002E6C08 /* CoreFoundation.framework in Frameworks */ = {isa = PBXBuildFile; fileRef = D45D9BD30B75637F002E6C08 /* CoreFoundation.framework */; };
		D45D9BEF0B75640B002E6C08 /* askpass in CopyFiles */ = {isa = PBXBuildFile; fileRef = D45D9BBA0B756329002E6C08 /* askpass */; };
		D465A4460C00E2E100F9DF1D /* FuseFSProtocol.h in Headers */ = {isa = PBXBuildFile; fileRef = D4F82A1E0B5BEA720061B029 /* FuseFSProtocol.h */; };
		D465A4470C00E2E100F9DF1D /* FuseUIProtocol.h in Headers */ = {isa = PBXBuildFile; fileRef = D4F124640B5C61C8002BAA40 /* FuseUIProtocol.h */; };
		D465A4500C00E2F100F9DF1D /* MacFusionConstants.h in Headers */ = {isa = PBXBuildFile; fileRef = D42AEF7F0B5FD379008C6F84 /* MacFusionConstants.h */; };
		D474679A0BB09EA100FD68CA /* curlftpfs-static in Resources */ = {isa = PBXBuildFile; fileRef = D47467990BB09EA100FD68CA /* curlftpfs-static */; };
		D48F046D0BEAD4DB0090C3D6 /* MFLoggingController.m in Sources */ = {isa = PBXBuildFile; fileRef = D48F046B0BEAD4DB0090C3D6 /* MFLoggingController.m */; };
		D48F05480BEAF2F00090C3D6 /* MacFusionLogging.nib in Resources */ = {isa = PBXBuildFile; fileRef = D48F05460BEAF2F00090C3D6 /* MacFusionLogging.nib */; };
		D49D66AD0C00ED3800891D09 /* SSHFS.plugin in CopyFiles */ = {isa = PBXBuildFile; fileRef = D4F82A3B0B5BEB480061B029 /* SSHFS.plugin */; };
		D49D66AE0C00ED3800891D09 /* FTPFS.plugin in CopyFiles */ = {isa = PBXBuildFile; fileRef = D4E11F0F0BAECE5900C99A5F /* FTPFS.plugin */; };
		D49D684C0C01272500891D09 /* MacFusionController.h in Headers */ = {isa = PBXBuildFile; fileRef = D4498D040B5A371D003B9DFF /* MacFusionController.h */; };
		D49D684D0C01273300891D09 /* MFLoggingController.h in Headers */ = {isa = PBXBuildFile; fileRef = D48F046A0BEAD4DB0090C3D6 /* MFLoggingController.h */; };
		D4A1204C0B7C1DDA00F565DC /* DiskArbitration.framework in Frameworks */ = {isa = PBXBuildFile; fileRef = D4A1204B0B7C1DDA00F565DC /* DiskArbitration.framework */; };
		D4A121CC0B7C239800F565DC /* Credits.rtf in Resources */ = {isa = PBXBuildFile; fileRef = D4A121CB0B7C239800F565DC /* Credits.rtf */; };
		D4A41D730BB6CB6D00D12576 /* SSHFS.icns in Resources */ = {isa = PBXBuildFile; fileRef = D4A41D720BB6CB6D00D12576 /* SSHFS.icns */; };
		D4A41D870BB6E6EF00D12576 /* FTPFS.icns in Resources */ = {isa = PBXBuildFile; fileRef = D4A41D860BB6E6EF00D12576 /* FTPFS.icns */; };
		D4A6BA810B867E7600B51E6D /* RoundedRectangles.m in Sources */ = {isa = PBXBuildFile; fileRef = D4A6BA800B867E7600B51E6D /* RoundedRectangles.m */; };
		D4A6BB7E0B8684A300B51E6D /* CTGradient.m in Sources */ = {isa = PBXBuildFile; fileRef = D4A6BB7C0B8684A300B51E6D /* CTGradient.m */; };
		D4A6BFEF0B86CFB800B51E6D /* MacFusionTableView.m in Sources */ = {isa = PBXBuildFile; fileRef = D4A6BFED0B86CFB800B51E6D /* MacFusionTableView.m */; };
		D4A6C2190B8760EC00B51E6D /* MacFusionPreferences.nib in Resources */ = {isa = PBXBuildFile; fileRef = D4A6C2170B8760EC00B51E6D /* MacFusionPreferences.nib */; };
		D4AA81CB0BBF7E7700BCE886 /* MacFusionSmoothImageView.m in Sources */ = {isa = PBXBuildFile; fileRef = D4AA81C90BBF7E7700BCE886 /* MacFusionSmoothImageView.m */; };
		D4AA833B0BC028FA00BCE886 /* MacFusion_Dialog_Warning.icns in Resources */ = {isa = PBXBuildFile; fileRef = D4AA83390BC028FA00BCE886 /* MacFusion_Dialog_Warning.icns */; };
		D4AA833C0BC028FA00BCE886 /* MacFusion_Dialog_Question.icns in Resources */ = {isa = PBXBuildFile; fileRef = D4AA833A0BC028FA00BCE886 /* MacFusion_Dialog_Question.icns */; };
		D4B011730BBF0402002EABD3 /* ftp_askpass.m in Sources */ = {isa = PBXBuildFile; fileRef = D4B010B20BBEF973002EABD3 /* ftp_askpass.m */; };
		D4B0118E0BBF050A002EABD3 /* Security.framework in Frameworks */ = {isa = PBXBuildFile; fileRef = D45D9A3D0B755F27002E6C08 /* Security.framework */; };
		D4B011E90BBF0510002EABD3 /* CoreFoundation.framework in Frameworks */ = {isa = PBXBuildFile; fileRef = D45D9BD30B75637F002E6C08 /* CoreFoundation.framework */; };
		D4C9224B0BF6C502006A5858 /* NSColorAdditions.m in Sources */ = {isa = PBXBuildFile; fileRef = D4C922490BF6C502006A5858 /* NSColorAdditions.m */; };
		D4CDBE810B90C88C00F6BA84 /* PreferencesController.m in Sources */ = {isa = PBXBuildFile; fileRef = D4CDBE7F0B90C88C00F6BA84 /* PreferencesController.m */; };
		D4E11F130BAECE7F00C99A5F /* FTPFS.m in Sources */ = {isa = PBXBuildFile; fileRef = D4E11EFC0BAECDF800C99A5F /* FTPFS.m */; };
		D4E11F150BAECE7F00C99A5F /* FTPFSUIController.m in Sources */ = {isa = PBXBuildFile; fileRef = D4E11EFF0BAECE0D00C99A5F /* FTPFSUIController.m */; };
		D4E11F840BAF083300C99A5F /* FTPFS-Info.plist in Resources */ = {isa = PBXBuildFile; fileRef = D4E11F830BAF083300C99A5F /* FTPFS-Info.plist */; };
		D4EBB35C0B84037400967958 /* MacFusionActionButton.m in Sources */ = {isa = PBXBuildFile; fileRef = D4EBB35A0B84037400967958 /* MacFusionActionButton.m */; };
		D4EBB62C0B850FCC00967958 /* minus-8.png in Resources */ = {isa = PBXBuildFile; fileRef = D4EBB62B0B850FCC00967958 /* minus-8.png */; };
		D4EBB62E0B85101700967958 /* plus-8.png in Resources */ = {isa = PBXBuildFile; fileRef = D4EBB62D0B85101700967958 /* plus-8.png */; };
		D4F124BF0B5C6D1D002BAA40 /* SSHFSUIController.m in Sources */ = {isa = PBXBuildFile; fileRef = D4F124BE0B5C6D1D002BAA40 /* SSHFSUIController.m */; };
		D4F37FC50BB5FC0900620C5F /* MacFusion_Menu_Light.png in Resources */ = {isa = PBXBuildFile; fileRef = D4F37FC30BB5FC0900620C5F /* MacFusion_Menu_Light.png */; };
		D4F37FC60BB5FC0900620C5F /* MacFusion_Menu_Dark.png in Resources */ = {isa = PBXBuildFile; fileRef = D4F37FC40BB5FC0900620C5F /* MacFusion_Menu_Dark.png */; };
		D4F37FD90BB5FDF900620C5F /* FTPFS.nib in Resources */ = {isa = PBXBuildFile; fileRef = D4F37FD80BB5FDF900620C5F /* FTPFS.nib */; };
		D4F380360BB6068300620C5F /* MacFusionIconCell.m in Sources */ = {isa = PBXBuildFile; fileRef = D4F380340BB6068300620C5F /* MacFusionIconCell.m */; };
		D4F82A440B5BEB630061B029 /* SSHFS.nib in Resources */ = {isa = PBXBuildFile; fileRef = D4F82A260B5BEAA30061B029 /* SSHFS.nib */; };
		D4F82A460B5BEB6D0061B029 /* SSHFS.m in Sources */ = {isa = PBXBuildFile; fileRef = D4F82A0D0B5BEA2C0061B029 /* SSHFS.m */; };
		D4F82A6F0B5BEBEE0061B029 /* SSHFS-Info.plist in Resources */ = {isa = PBXBuildFile; fileRef = D4F82A0B0B5BEA2C0061B029 /* SSHFS-Info.plist */; };
/* End PBXBuildFile section */

/* Begin PBXContainerItemProxy section */
		D45D9BE90B7563DC002E6C08 /* PBXContainerItemProxy */ = {
			isa = PBXContainerItemProxy;
			containerPortal = 29B97313FDCFA39411CA2CEA /* Project object */;
			proxyType = 1;
			remoteGlobalIDString = D45D9BB90B756329002E6C08;
			remoteInfo = askpass;
		};
		D49D668A0C00ED1200891D09 /* PBXContainerItemProxy */ = {
			isa = PBXContainerItemProxy;
			containerPortal = 29B97313FDCFA39411CA2CEA /* Project object */;
			proxyType = 1;
			remoteGlobalIDString = D4E11F0E0BAECE5900C99A5F /* FTPFS */;
			remoteInfo = FTPFS;
		};
		D49D668C0C00ED1300891D09 /* PBXContainerItemProxy */ = {
			isa = PBXContainerItemProxy;
			containerPortal = 29B97313FDCFA39411CA2CEA /* Project object */;
			proxyType = 1;
			remoteGlobalIDString = D4F82A3A0B5BEB480061B029 /* SSHFS */;
			remoteInfo = SSHFS;
		};
		D49D669F0C00ED1500891D09 /* PBXContainerItemProxy */ = {
			isa = PBXContainerItemProxy;
			containerPortal = 29B97313FDCFA39411CA2CEA /* Project object */;
			proxyType = 1;
			remoteGlobalIDString = 8D1107260486CEB800E47090 /* MacFusion */;
			remoteInfo = MacFusion;
		};
		D49D66D70C0110CE00891D09 /* PBXContainerItemProxy */ = {
			isa = PBXContainerItemProxy;
			containerPortal = 29B97313FDCFA39411CA2CEA /* Project object */;
			proxyType = 1;
			remoteGlobalIDString = 8D1107260486CEB800E47090 /* MacFusion */;
			remoteInfo = MacFusion;
		};
		D49D66D90C0110D100891D09 /* PBXContainerItemProxy */ = {
			isa = PBXContainerItemProxy;
			containerPortal = 29B97313FDCFA39411CA2CEA /* Project object */;
			proxyType = 1;
			remoteGlobalIDString = 8D1107260486CEB800E47090 /* MacFusion */;
			remoteInfo = MacFusion;
		};
/* End PBXContainerItemProxy section */

/* Begin PBXCopyFilesBuildPhase section */
		D409AAD50B5B501200CE77A3 /* CopyFiles */ = {
			isa = PBXCopyFilesBuildPhase;
			buildActionMask = 2147483647;
			dstPath = "";
			dstSubfolderSpec = 13;
			files = (
			);
			runOnlyForDeploymentPostprocessing = 0;
		};
		D44C0B9D0B610F9000C778DC /* CopyFiles */ = {
			isa = PBXCopyFilesBuildPhase;
			buildActionMask = 2147483647;
			dstPath = "";
			dstSubfolderSpec = 10;
			files = (
				3DF72E790B8C5B0200D355C5 /* Sparkle.framework in CopyFiles */,
				D44C0C780B61193D00C778DC /* Growl.framework in CopyFiles */,
			);
			runOnlyForDeploymentPostprocessing = 0;
		};
		D45D9AB80B755FD9002E6C08 /* CopyFiles */ = {
			isa = PBXCopyFilesBuildPhase;
			buildActionMask = 2147483647;
			dstPath = "";
			dstSubfolderSpec = 7;
			files = (
				D45D9BEF0B75640B002E6C08 /* askpass in CopyFiles */,
				D42F35730BF3A7FE0015B135 /* sshnodelay.so in CopyFiles */,
			);
			runOnlyForDeploymentPostprocessing = 0;
		};
		D49D66A10C00ED1E00891D09 /* CopyFiles */ = {
			isa = PBXCopyFilesBuildPhase;
			buildActionMask = 2147483647;
			dstPath = MacFusion.app/Contents/Plugins;
			dstSubfolderSpec = 16;
			files = (
				D49D66AD0C00ED3800891D09 /* SSHFS.plugin in CopyFiles */,
				D49D66AE0C00ED3800891D09 /* FTPFS.plugin in CopyFiles */,
			);
			runOnlyForDeploymentPostprocessing = 0;
		};
		D4E11F560BAED27B00C99A5F /* CopyFiles */ = {
			isa = PBXCopyFilesBuildPhase;
			buildActionMask = 2147483647;
			dstPath = "";
			dstSubfolderSpec = 10;
			files = (
			);
			runOnlyForDeploymentPostprocessing = 0;
		};
/* End PBXCopyFilesBuildPhase section */

/* Begin PBXFileReference section */
		089C165DFE840E0CC02AAC07 /* English */ = {isa = PBXFileReference; fileEncoding = 10; lastKnownFileType = text.plist.strings; name = English; path = English.lproj/InfoPlist.strings; sourceTree = "<group>"; };
		1058C7A1FEA54F0111CA2CBB /* Cocoa.framework */ = {isa = PBXFileReference; lastKnownFileType = wrapper.framework; name = Cocoa.framework; path = /System/Library/Frameworks/Cocoa.framework; sourceTree = "<absolute>"; };
		13E42FB307B3F0F600E4EEF1 /* CoreData.framework */ = {isa = PBXFileReference; lastKnownFileType = wrapper.framework; name = CoreData.framework; path = /System/Library/Frameworks/CoreData.framework; sourceTree = "<absolute>"; };
		29B97316FDCFA39411CA2CEA /* main.m */ = {isa = PBXFileReference; fileEncoding = 4; lastKnownFileType = sourcecode.c.objc; path = main.m; sourceTree = "<group>"; };
		29B97319FDCFA39411CA2CEA /* English */ = {isa = PBXFileReference; lastKnownFileType = wrapper.nib; name = English; path = English.lproj/MainMenu.nib; sourceTree = "<group>"; };
		29B97324FDCFA39411CA2CEA /* AppKit.framework */ = {isa = PBXFileReference; lastKnownFileType = wrapper.framework; name = AppKit.framework; path = /System/Library/Frameworks/AppKit.framework; sourceTree = "<absolute>"; };
		29B97325FDCFA39411CA2CEA /* Foundation.framework */ = {isa = PBXFileReference; lastKnownFileType = wrapper.framework; name = Foundation.framework; path = /System/Library/Frameworks/Foundation.framework; sourceTree = "<absolute>"; };
		32CA4F630368D1EE00C91783 /* MacFusion_Prefix.pch */ = {isa = PBXFileReference; fileEncoding = 4; lastKnownFileType = sourcecode.c.h; path = MacFusion_Prefix.pch; sourceTree = "<group>"; };
		3DF72E610B8C5AE100D355C5 /* Sparkle.framework */ = {isa = PBXFileReference; lastKnownFileType = wrapper.framework; path = Sparkle.framework; sourceTree = "<group>"; };
		8D1107310486CEB800E47090 /* Info.plist */ = {isa = PBXFileReference; fileEncoding = 4; lastKnownFileType = text.plist; path = Info.plist; sourceTree = "<group>"; };
		8D1107320486CEB800E47090 /* MacFusion.app */ = {isa = PBXFileReference; explicitFileType = wrapper.application; includeInIndex = 0; path = MacFusion.app; sourceTree = BUILT_PRODUCTS_DIR; };
		D409620E0B80E21100EABE40 /* FancyFavoritesController.h */ = {isa = PBXFileReference; fileEncoding = 4; lastKnownFileType = sourcecode.c.h; path = FancyFavoritesController.h; sourceTree = "<group>"; };
		D409620F0B80E21100EABE40 /* FancyFavoritesController.m */ = {isa = PBXFileReference; fileEncoding = 4; lastKnownFileType = sourcecode.c.objc; path = FancyFavoritesController.m; sourceTree = "<group>"; };
		D40962130B80E2CE00EABE40 /* English */ = {isa = PBXFileReference; lastKnownFileType = wrapper.nib; name = English; path = English.lproj/FancyFavorites.nib; sourceTree = "<group>"; };
		D409623B0B80E41900EABE40 /* MacFusionFSCell.h */ = {isa = PBXFileReference; fileEncoding = 4; lastKnownFileType = sourcecode.c.h; path = MacFusionFSCell.h; sourceTree = "<group>"; };
		D409623C0B80E41900EABE40 /* MacFusionFSCell.m */ = {isa = PBXFileReference; fileEncoding = 4; lastKnownFileType = sourcecode.c.objc; path = MacFusionFSCell.m; sourceTree = "<group>"; };
		D40966E80B812A7500EABE40 /* MacFusionStatusCell.h */ = {isa = PBXFileReference; fileEncoding = 4; lastKnownFileType = sourcecode.c.h; path = MacFusionStatusCell.h; sourceTree = "<group>"; };
		D40966E90B812A7500EABE40 /* MacFusionStatusCell.m */ = {isa = PBXFileReference; fileEncoding = 4; lastKnownFileType = sourcecode.c.objc; path = MacFusionStatusCell.m; sourceTree = "<group>"; };
		D40969C10B8264A800EABE40 /* English */ = {isa = PBXFileReference; lastKnownFileType = wrapper.nib; name = English; path = English.lproj/EditFavorites.nib; sourceTree = "<group>"; };
		D40969C30B82658F00EABE40 /* EditController.h */ = {isa = PBXFileReference; fileEncoding = 4; lastKnownFileType = sourcecode.c.h; path = EditController.h; sourceTree = "<group>"; };
		D40969C40B82658F00EABE40 /* EditController.m */ = {isa = PBXFileReference; fileEncoding = 4; lastKnownFileType = sourcecode.c.objc; path = EditController.m; sourceTree = "<group>"; };
		D40C7C010BADA09F00567D29 /* InformalProtocols.h */ = {isa = PBXFileReference; fileEncoding = 4; lastKnownFileType = sourcecode.c.h; path = InformalProtocols.h; sourceTree = "<group>"; };
		D40C7C410BADA3D100567D29 /* sshfs-static */ = {isa = PBXFileReference; lastKnownFileType = "compiled.mach-o.executable"; path = "sshfs-static"; sourceTree = "<group>"; };
		D42AEF7F0B5FD379008C6F84 /* MacFusionConstants.h */ = {isa = PBXFileReference; fileEncoding = 4; lastKnownFileType = sourcecode.c.h; path = MacFusionConstants.h; sourceTree = "<group>"; };
		D42AEF800B5FD379008C6F84 /* MacFusionConstants.m */ = {isa = PBXFileReference; fileEncoding = 4; lastKnownFileType = sourcecode.c.objc; path = MacFusionConstants.m; sourceTree = "<group>"; };
		D42F35720BF3A7FE0015B135 /* sshnodelay.so */ = {isa = PBXFileReference; lastKnownFileType = "compiled.mach-o.dylib"; path = sshnodelay.so; sourceTree = "<group>"; };
		D43D356A0BA8C9E100282A8D /* MacFusion.icns */ = {isa = PBXFileReference; lastKnownFileType = image.icns; name = MacFusion.icns; path = Resources/MacFusion.icns; sourceTree = "<group>"; };
		D4498D040B5A371D003B9DFF /* MacFusionController.h */ = {isa = PBXFileReference; fileEncoding = 4; lastKnownFileType = sourcecode.c.h; path = MacFusionController.h; sourceTree = "<group>"; };
		D4498D050B5A371D003B9DFF /* MacFusionController.m */ = {isa = PBXFileReference; fileEncoding = 4; lastKnownFileType = sourcecode.c.objc; path = MacFusionController.m; sourceTree = "<group>"; };
		D44C0C610B61191700C778DC /* Growl.framework */ = {isa = PBXFileReference; lastKnownFileType = wrapper.framework; path = Growl.framework; sourceTree = "<group>"; };
		D45D99D80B755062002E6C08 /* askpass.c */ = {isa = PBXFileReference; fileEncoding = 30; lastKnownFileType = sourcecode.c.c; path = askpass.c; sourceTree = "<group>"; };
		D45D9A3D0B755F27002E6C08 /* Security.framework */ = {isa = PBXFileReference; lastKnownFileType = wrapper.framework; name = Security.framework; path = /System/Library/Frameworks/Security.framework; sourceTree = "<absolute>"; };
		D45D9BBA0B756329002E6C08 /* askpass */ = {isa = PBXFileReference; explicitFileType = "compiled.mach-o.executable"; includeInIndex = 0; path = askpass; sourceTree = BUILT_PRODUCTS_DIR; };
		D45D9BD30B75637F002E6C08 /* CoreFoundation.framework */ = {isa = PBXFileReference; lastKnownFileType = wrapper.framework; name = CoreFoundation.framework; path = /System/Library/Frameworks/CoreFoundation.framework; sourceTree = "<absolute>"; };
		D47467990BB09EA100FD68CA /* curlftpfs-static */ = {isa = PBXFileReference; lastKnownFileType = "compiled.mach-o.executable"; path = "curlftpfs-static"; sourceTree = "<group>"; };
		D48F046A0BEAD4DB0090C3D6 /* MFLoggingController.h */ = {isa = PBXFileReference; fileEncoding = 4; lastKnownFileType = sourcecode.c.h; path = MFLoggingController.h; sourceTree = "<group>"; };
		D48F046B0BEAD4DB0090C3D6 /* MFLoggingController.m */ = {isa = PBXFileReference; fileEncoding = 4; lastKnownFileType = sourcecode.c.objc; path = MFLoggingController.m; sourceTree = "<group>"; };
		D48F05470BEAF2F00090C3D6 /* English */ = {isa = PBXFileReference; lastKnownFileType = wrapper.nib; name = English; path = English.lproj/MacFusionLogging.nib; sourceTree = "<group>"; };
		D4A1204B0B7C1DDA00F565DC /* DiskArbitration.framework */ = {isa = PBXFileReference; lastKnownFileType = wrapper.framework; name = DiskArbitration.framework; path = /System/Library/Frameworks/DiskArbitration.framework; sourceTree = "<absolute>"; };
		D4A121CB0B7C239800F565DC /* Credits.rtf */ = {isa = PBXFileReference; fileEncoding = 4; lastKnownFileType = text.rtf; name = Credits.rtf; path = Resources/Credits.rtf; sourceTree = "<group>"; };
		D4A41D720BB6CB6D00D12576 /* SSHFS.icns */ = {isa = PBXFileReference; lastKnownFileType = image.icns; path = SSHFS.icns; sourceTree = "<group>"; };
		D4A41D860BB6E6EF00D12576 /* FTPFS.icns */ = {isa = PBXFileReference; lastKnownFileType = image.icns; path = FTPFS.icns; sourceTree = "<group>"; };
		D4A6BA800B867E7600B51E6D /* RoundedRectangles.m */ = {isa = PBXFileReference; fileEncoding = 4; lastKnownFileType = sourcecode.c.objc; path = RoundedRectangles.m; sourceTree = "<group>"; };
		D4A6BA870B867F0700B51E6D /* RoundedRectangles.h */ = {isa = PBXFileReference; fileEncoding = 4; lastKnownFileType = sourcecode.c.h; path = RoundedRectangles.h; sourceTree = "<group>"; };
		D4A6BB7B0B8684A300B51E6D /* CTGradient.h */ = {isa = PBXFileReference; fileEncoding = 30; lastKnownFileType = sourcecode.c.h; path = CTGradient.h; sourceTree = "<group>"; };
		D4A6BB7C0B8684A300B51E6D /* CTGradient.m */ = {isa = PBXFileReference; fileEncoding = 30; lastKnownFileType = sourcecode.c.objc; path = CTGradient.m; sourceTree = "<group>"; };
		D4A6BFEC0B86CFB800B51E6D /* MacFusionTableView.h */ = {isa = PBXFileReference; fileEncoding = 4; lastKnownFileType = sourcecode.c.h; path = MacFusionTableView.h; sourceTree = "<group>"; };
		D4A6BFED0B86CFB800B51E6D /* MacFusionTableView.m */ = {isa = PBXFileReference; fileEncoding = 4; lastKnownFileType = sourcecode.c.objc; path = MacFusionTableView.m; sourceTree = "<group>"; };
		D4A6C2180B8760EC00B51E6D /* English */ = {isa = PBXFileReference; lastKnownFileType = wrapper.nib; name = English; path = English.lproj/MacFusionPreferences.nib; sourceTree = "<group>"; };
		D4AA81C80BBF7E7700BCE886 /* MacFusionSmoothImageView.h */ = {isa = PBXFileReference; fileEncoding = 4; lastKnownFileType = sourcecode.c.h; path = MacFusionSmoothImageView.h; sourceTree = "<group>"; };
		D4AA81C90BBF7E7700BCE886 /* MacFusionSmoothImageView.m */ = {isa = PBXFileReference; fileEncoding = 4; lastKnownFileType = sourcecode.c.objc; path = MacFusionSmoothImageView.m; sourceTree = "<group>"; };
		D4AA83390BC028FA00BCE886 /* MacFusion_Dialog_Warning.icns */ = {isa = PBXFileReference; lastKnownFileType = image.icns; name = MacFusion_Dialog_Warning.icns; path = Resources/MacFusion_Dialog_Warning.icns; sourceTree = "<group>"; };
		D4AA833A0BC028FA00BCE886 /* MacFusion_Dialog_Question.icns */ = {isa = PBXFileReference; lastKnownFileType = image.icns; name = MacFusion_Dialog_Question.icns; path = Resources/MacFusion_Dialog_Question.icns; sourceTree = "<group>"; };
		D4B010B10BBEF973002EABD3 /* ftp_askpass.h */ = {isa = PBXFileReference; fileEncoding = 4; lastKnownFileType = sourcecode.c.h; path = ftp_askpass.h; sourceTree = "<group>"; };
		D4B010B20BBEF973002EABD3 /* ftp_askpass.m */ = {isa = PBXFileReference; fileEncoding = 4; lastKnownFileType = sourcecode.c.objc; path = ftp_askpass.m; sourceTree = "<group>"; };
		D4C922480BF6C502006A5858 /* NSColorAdditions.h */ = {isa = PBXFileReference; fileEncoding = 4; lastKnownFileType = sourcecode.c.h; path = NSColorAdditions.h; sourceTree = "<group>"; };
		D4C922490BF6C502006A5858 /* NSColorAdditions.m */ = {isa = PBXFileReference; fileEncoding = 4; lastKnownFileType = sourcecode.c.objc; path = NSColorAdditions.m; sourceTree = "<group>"; };
		D4CDBE7E0B90C88C00F6BA84 /* PreferencesController.h */ = {isa = PBXFileReference; fileEncoding = 4; lastKnownFileType = sourcecode.c.h; path = PreferencesController.h; sourceTree = "<group>"; };
		D4CDBE7F0B90C88C00F6BA84 /* PreferencesController.m */ = {isa = PBXFileReference; fileEncoding = 4; lastKnownFileType = sourcecode.c.objc; path = PreferencesController.m; sourceTree = "<group>"; };
		D4E11EFB0BAECDF800C99A5F /* FTPFS.h */ = {isa = PBXFileReference; fileEncoding = 4; lastKnownFileType = sourcecode.c.h; path = FTPFS.h; sourceTree = "<group>"; };
		D4E11EFC0BAECDF800C99A5F /* FTPFS.m */ = {isa = PBXFileReference; fileEncoding = 4; lastKnownFileType = sourcecode.c.objc; path = FTPFS.m; sourceTree = "<group>"; };
		D4E11EFE0BAECE0D00C99A5F /* FTPFSUIController.h */ = {isa = PBXFileReference; explicitFileType = sourcecode.c.h; fileEncoding = 4; path = FTPFSUIController.h; sourceTree = "<group>"; };
		D4E11EFF0BAECE0D00C99A5F /* FTPFSUIController.m */ = {isa = PBXFileReference; fileEncoding = 4; lastKnownFileType = sourcecode.c.objc; path = FTPFSUIController.m; sourceTree = "<group>"; };
		D4E11F0F0BAECE5900C99A5F /* FTPFS.plugin */ = {isa = PBXFileReference; explicitFileType = wrapper.cfbundle; includeInIndex = 0; path = FTPFS.plugin; sourceTree = BUILT_PRODUCTS_DIR; };
		D4E11F830BAF083300C99A5F /* FTPFS-Info.plist */ = {isa = PBXFileReference; fileEncoding = 30; lastKnownFileType = text.xml; path = "FTPFS-Info.plist"; sourceTree = "<group>"; };
		D4EBB3590B84037400967958 /* MacFusionActionButton.h */ = {isa = PBXFileReference; fileEncoding = 4; lastKnownFileType = sourcecode.c.h; path = MacFusionActionButton.h; sourceTree = "<group>"; };
		D4EBB35A0B84037400967958 /* MacFusionActionButton.m */ = {isa = PBXFileReference; fileEncoding = 4; lastKnownFileType = sourcecode.c.objc; path = MacFusionActionButton.m; sourceTree = "<group>"; };
		D4EBB62B0B850FCC00967958 /* minus-8.png */ = {isa = PBXFileReference; lastKnownFileType = image.png; name = "minus-8.png"; path = "Resources/minus-8.png"; sourceTree = "<group>"; };
		D4EBB62D0B85101700967958 /* plus-8.png */ = {isa = PBXFileReference; lastKnownFileType = image.png; name = "plus-8.png"; path = "Resources/plus-8.png"; sourceTree = "<group>"; };
		D4F124640B5C61C8002BAA40 /* FuseUIProtocol.h */ = {isa = PBXFileReference; fileEncoding = 4; lastKnownFileType = sourcecode.c.h; path = FuseUIProtocol.h; sourceTree = "<group>"; };
		D4F124BD0B5C6D1D002BAA40 /* SSHFSUIController.h */ = {isa = PBXFileReference; fileEncoding = 4; lastKnownFileType = sourcecode.c.h; path = SSHFSUIController.h; sourceTree = "<group>"; };
		D4F124BE0B5C6D1D002BAA40 /* SSHFSUIController.m */ = {isa = PBXFileReference; fileEncoding = 4; lastKnownFileType = sourcecode.c.objc; path = SSHFSUIController.m; sourceTree = "<group>"; };
		D4F37FC30BB5FC0900620C5F /* MacFusion_Menu_Light.png */ = {isa = PBXFileReference; lastKnownFileType = image.png; name = MacFusion_Menu_Light.png; path = Resources/MacFusion_Menu_Light.png; sourceTree = "<group>"; };
		D4F37FC40BB5FC0900620C5F /* MacFusion_Menu_Dark.png */ = {isa = PBXFileReference; lastKnownFileType = image.png; name = MacFusion_Menu_Dark.png; path = Resources/MacFusion_Menu_Dark.png; sourceTree = "<group>"; };
		D4F37FD80BB5FDF900620C5F /* FTPFS.nib */ = {isa = PBXFileReference; lastKnownFileType = wrapper.nib; path = FTPFS.nib; sourceTree = "<group>"; };
		D4F380330BB6068300620C5F /* MacFusionIconCell.h */ = {isa = PBXFileReference; fileEncoding = 4; lastKnownFileType = sourcecode.c.h; path = MacFusionIconCell.h; sourceTree = "<group>"; };
		D4F380340BB6068300620C5F /* MacFusionIconCell.m */ = {isa = PBXFileReference; fileEncoding = 4; lastKnownFileType = sourcecode.c.objc; path = MacFusionIconCell.m; sourceTree = "<group>"; };
		D4F82A0B0B5BEA2C0061B029 /* SSHFS-Info.plist */ = {isa = PBXFileReference; fileEncoding = 30; lastKnownFileType = text.xml; path = "SSHFS-Info.plist"; sourceTree = "<group>"; };
		D4F82A0C0B5BEA2C0061B029 /* SSHFS.h */ = {isa = PBXFileReference; fileEncoding = 30; lastKnownFileType = sourcecode.c.h; path = SSHFS.h; sourceTree = "<group>"; };
		D4F82A0D0B5BEA2C0061B029 /* SSHFS.m */ = {isa = PBXFileReference; fileEncoding = 30; lastKnownFileType = sourcecode.c.objc; path = SSHFS.m; sourceTree = "<group>"; };
		D4F82A1E0B5BEA720061B029 /* FuseFSProtocol.h */ = {isa = PBXFileReference; fileEncoding = 30; lastKnownFileType = sourcecode.c.h; path = FuseFSProtocol.h; sourceTree = "<group>"; };
		D4F82A260B5BEAA30061B029 /* SSHFS.nib */ = {isa = PBXFileReference; lastKnownFileType = wrapper.nib; path = SSHFS.nib; sourceTree = "<group>"; };
		D4F82A3B0B5BEB480061B029 /* SSHFS.plugin */ = {isa = PBXFileReference; explicitFileType = wrapper.cfbundle; includeInIndex = 0; path = SSHFS.plugin; sourceTree = BUILT_PRODUCTS_DIR; };
/* End PBXFileReference section */

/* Begin PBXFrameworksBuildPhase section */
		8D11072E0486CEB800E47090 /* Frameworks */ = {
			isa = PBXFrameworksBuildPhase;
			buildActionMask = 2147483647;
			files = (
				8D11072F0486CEB800E47090 /* Cocoa.framework in Frameworks */,
				D44C0C620B61191700C778DC /* Growl.framework in Frameworks */,
				D4A1204C0B7C1DDA00F565DC /* DiskArbitration.framework in Frameworks */,
				3DF72E620B8C5AE100D355C5 /* Sparkle.framework in Frameworks */,
			);
			runOnlyForDeploymentPostprocessing = 0;
		};
		D45D9BB80B756329002E6C08 /* Frameworks */ = {
			isa = PBXFrameworksBuildPhase;
			buildActionMask = 2147483647;
			files = (
				D45D9BD00B756366002E6C08 /* Security.framework in Frameworks */,
				D45D9BD40B75637F002E6C08 /* CoreFoundation.framework in Frameworks */,
			);
			runOnlyForDeploymentPostprocessing = 0;
		};
		D4E11F0D0BAECE5900C99A5F /* Frameworks */ = {
			isa = PBXFrameworksBuildPhase;
			buildActionMask = 2147483647;
			files = (
				D4B011E90BBF0510002EABD3 /* CoreFoundation.framework in Frameworks */,
				D4B0118E0BBF050A002EABD3 /* Security.framework in Frameworks */,
			);
			runOnlyForDeploymentPostprocessing = 0;
		};
/* End PBXFrameworksBuildPhase section */

/* Begin PBXGroup section */
		080E96DDFE201D6D7F000001 /* Classes */ = {
			isa = PBXGroup;
			children = (
				D40962190B80E3C600EABE40 /* Views */,
				D4498D030B5A3705003B9DFF /* Controllers */,
				D4498D020B5A36F7003B9DFF /* Models */,
			);
			path = Classes;
			sourceTree = "<group>";
		};
		1058C7A0FEA54F0111CA2CBB /* Linked Frameworks */ = {
			isa = PBXGroup;
			children = (
				3DF72E610B8C5AE100D355C5 /* Sparkle.framework */,
				D4A1204B0B7C1DDA00F565DC /* DiskArbitration.framework */,
				D45D9BD30B75637F002E6C08 /* CoreFoundation.framework */,
				D45D9A3D0B755F27002E6C08 /* Security.framework */,
				D44C0C610B61191700C778DC /* Growl.framework */,
				1058C7A1FEA54F0111CA2CBB /* Cocoa.framework */,
			);
			name = "Linked Frameworks";
			sourceTree = "<group>";
		};
		1058C7A2FEA54F0111CA2CBB /* Other Frameworks */ = {
			isa = PBXGroup;
			children = (
				29B97324FDCFA39411CA2CEA /* AppKit.framework */,
				13E42FB307B3F0F600E4EEF1 /* CoreData.framework */,
				29B97325FDCFA39411CA2CEA /* Foundation.framework */,
			);
			name = "Other Frameworks";
			sourceTree = "<group>";
		};
		19C28FACFE9D520D11CA2CBB /* Products */ = {
			isa = PBXGroup;
			children = (
				D4F82A3B0B5BEB480061B029 /* SSHFS.plugin */,
				D4E11F0F0BAECE5900C99A5F /* FTPFS.plugin */,
				8D1107320486CEB800E47090 /* MacFusion.app */,
				D45D9BBA0B756329002E6C08 /* askpass */,
			);
			name = Products;
			sourceTree = "<group>";
		};
		29B97314FDCFA39411CA2CEA /* MacFusion */ = {
			isa = PBXGroup;
			children = (
				D42AEF7F0B5FD379008C6F84 /* MacFusionConstants.h */,
				D42AEF800B5FD379008C6F84 /* MacFusionConstants.m */,
				D4F82A1D0B5BEA5D0061B029 /* Protocols */,
				080E96DDFE201D6D7F000001 /* Classes */,
				29B97315FDCFA39411CA2CEA /* Other Sources */,
				29B97317FDCFA39411CA2CEA /* Resources */,
				29B97323FDCFA39411CA2CEA /* Frameworks */,
				D4F1245B0B5C618D002BAA40 /* Plugins */,
				19C28FACFE9D520D11CA2CBB /* Products */,
			);
			name = MacFusion;
			sourceTree = "<group>";
		};
		29B97315FDCFA39411CA2CEA /* Other Sources */ = {
			isa = PBXGroup;
			children = (
				32CA4F630368D1EE00C91783 /* MacFusion_Prefix.pch */,
				29B97316FDCFA39411CA2CEA /* main.m */,
				D4C922480BF6C502006A5858 /* NSColorAdditions.h */,
				D4C922490BF6C502006A5858 /* NSColorAdditions.m */,
			);
			name = "Other Sources";
			sourceTree = "<group>";
		};
		29B97317FDCFA39411CA2CEA /* Resources */ = {
			isa = PBXGroup;
			children = (
				D4F37FC30BB5FC0900620C5F /* MacFusion_Menu_Light.png */,
				D4F37FC40BB5FC0900620C5F /* MacFusion_Menu_Dark.png */,
				8D1107310486CEB800E47090 /* Info.plist */,
				089C165CFE840E0CC02AAC07 /* InfoPlist.strings */,
				D43D356A0BA8C9E100282A8D /* MacFusion.icns */,
				D4AA83390BC028FA00BCE886 /* MacFusion_Dialog_Warning.icns */,
				D4AA833A0BC028FA00BCE886 /* MacFusion_Dialog_Question.icns */,
				D4A121CB0B7C239800F565DC /* Credits.rtf */,
				D4EBB62B0B850FCC00967958 /* minus-8.png */,
				D4EBB62D0B85101700967958 /* plus-8.png */,
				29B97318FDCFA39411CA2CEA /* MainMenu.nib */,
				D40962120B80E2CE00EABE40 /* FancyFavorites.nib */,
				D40969C00B8264A800EABE40 /* EditFavorites.nib */,
				D4A6C2170B8760EC00B51E6D /* MacFusionPreferences.nib */,
				D48F05460BEAF2F00090C3D6 /* MacFusionLogging.nib */,
			);
			name = Resources;
			sourceTree = "<group>";
		};
		29B97323FDCFA39411CA2CEA /* Frameworks */ = {
			isa = PBXGroup;
			children = (
				1058C7A0FEA54F0111CA2CBB /* Linked Frameworks */,
				1058C7A2FEA54F0111CA2CBB /* Other Frameworks */,
			);
			name = Frameworks;
			sourceTree = "<group>";
		};
		D40962190B80E3C600EABE40 /* Views */ = {
			isa = PBXGroup;
			children = (
				D4A6BB7B0B8684A300B51E6D /* CTGradient.h */,
				D4A6BB7C0B8684A300B51E6D /* CTGradient.m */,
				D409623B0B80E41900EABE40 /* MacFusionFSCell.h */,
				D409623C0B80E41900EABE40 /* MacFusionFSCell.m */,
				D40966E80B812A7500EABE40 /* MacFusionStatusCell.h */,
				D40966E90B812A7500EABE40 /* MacFusionStatusCell.m */,
				D4EBB3590B84037400967958 /* MacFusionActionButton.h */,
				D4EBB35A0B84037400967958 /* MacFusionActionButton.m */,
				D4A6BA800B867E7600B51E6D /* RoundedRectangles.m */,
				D4A6BA870B867F0700B51E6D /* RoundedRectangles.h */,
				D4A6BFEC0B86CFB800B51E6D /* MacFusionTableView.h */,
				D4A6BFED0B86CFB800B51E6D /* MacFusionTableView.m */,
				D4F380330BB6068300620C5F /* MacFusionIconCell.h */,
				D4F380340BB6068300620C5F /* MacFusionIconCell.m */,
				D4AA81C80BBF7E7700BCE886 /* MacFusionSmoothImageView.h */,
				D4AA81C90BBF7E7700BCE886 /* MacFusionSmoothImageView.m */,
			);
			name = Views;
			sourceTree = "<group>";
		};
		D409AB3B0B5BE9C300CE77A3 /* SSHFS */ = {
			isa = PBXGroup;
			children = (
				D45E30A20BBF38EB0065FBE6 /* Resources */,
				D4F82A0C0B5BEA2C0061B029 /* SSHFS.h */,
				D45D99D80B755062002E6C08 /* askpass.c */,
				D4F82A0D0B5BEA2C0061B029 /* SSHFS.m */,
				D4F124BD0B5C6D1D002BAA40 /* SSHFSUIController.h */,
				D4F124BE0B5C6D1D002BAA40 /* SSHFSUIController.m */,
			);
			path = SSHFS;
			sourceTree = "<group>";
		};
		D4498D020B5A36F7003B9DFF /* Models */ = {
			isa = PBXGroup;
			children = (
			);
			name = Models;
			sourceTree = "<group>";
		};
		D4498D030B5A3705003B9DFF /* Controllers */ = {
			isa = PBXGroup;
			children = (
				D4498D040B5A371D003B9DFF /* MacFusionController.h */,
				D4498D050B5A371D003B9DFF /* MacFusionController.m */,
				D409620E0B80E21100EABE40 /* FancyFavoritesController.h */,
				D409620F0B80E21100EABE40 /* FancyFavoritesController.m */,
				D40969C30B82658F00EABE40 /* EditController.h */,
				D40969C40B82658F00EABE40 /* EditController.m */,
				D4CDBE7E0B90C88C00F6BA84 /* PreferencesController.h */,
				D4CDBE7F0B90C88C00F6BA84 /* PreferencesController.m */,
				D48F046A0BEAD4DB0090C3D6 /* MFLoggingController.h */,
				D48F046B0BEAD4DB0090C3D6 /* MFLoggingController.m */,
			);
			name = Controllers;
			sourceTree = "<group>";
		};
		D45E30A20BBF38EB0065FBE6 /* Resources */ = {
			isa = PBXGroup;
			children = (
				D42F35720BF3A7FE0015B135 /* sshnodelay.so */,
				D4F82A0B0B5BEA2C0061B029 /* SSHFS-Info.plist */,
				D4A41D720BB6CB6D00D12576 /* SSHFS.icns */,
				D4F82A260B5BEAA30061B029 /* SSHFS.nib */,
				D40C7C410BADA3D100567D29 /* sshfs-static */,
			);
			name = Resources;
			sourceTree = "<group>";
		};
		D45E30A30BBF38F40065FBE6 /* Resources */ = {
			isa = PBXGroup;
			children = (
				D47467990BB09EA100FD68CA /* curlftpfs-static */,
				D4E11F830BAF083300C99A5F /* FTPFS-Info.plist */,
				D4A41D860BB6E6EF00D12576 /* FTPFS.icns */,
				D4F37FD80BB5FDF900620C5F /* FTPFS.nib */,
			);
			name = Resources;
			sourceTree = "<group>";
		};
		D4E11EEF0BAECDB500C99A5F /* FTPFS */ = {
			isa = PBXGroup;
			children = (
				D45E30A30BBF38F40065FBE6 /* Resources */,
				D4E11EFB0BAECDF800C99A5F /* FTPFS.h */,
				D4E11EFC0BAECDF800C99A5F /* FTPFS.m */,
				D4E11EFE0BAECE0D00C99A5F /* FTPFSUIController.h */,
				D4E11EFF0BAECE0D00C99A5F /* FTPFSUIController.m */,
				D4B010B10BBEF973002EABD3 /* ftp_askpass.h */,
				D4B010B20BBEF973002EABD3 /* ftp_askpass.m */,
			);
			path = FTPFS;
			sourceTree = "<group>";
		};
		D4F1245B0B5C618D002BAA40 /* Plugins */ = {
			isa = PBXGroup;
			children = (
				D4E11EEF0BAECDB500C99A5F /* FTPFS */,
				D409AB3B0B5BE9C300CE77A3 /* SSHFS */,
			);
			name = Plugins;
			sourceTree = "<group>";
		};
		D4F82A1D0B5BEA5D0061B029 /* Protocols */ = {
			isa = PBXGroup;
			children = (
				D4F82A1E0B5BEA720061B029 /* FuseFSProtocol.h */,
				D4F124640B5C61C8002BAA40 /* FuseUIProtocol.h */,
				D40C7C010BADA09F00567D29 /* InformalProtocols.h */,
			);
			path = Protocols;
			sourceTree = "<group>";
		};
/* End PBXGroup section */

/* Begin PBXHeadersBuildPhase section */
		D465A4240C00E29700F9DF1D /* Headers */ = {
			isa = PBXHeadersBuildPhase;
			buildActionMask = 2147483647;
			files = (
				D49D684C0C01272500891D09 /* MacFusionController.h in Headers */,
				D49D684D0C01273300891D09 /* MFLoggingController.h in Headers */,
				D465A4500C00E2F100F9DF1D /* MacFusionConstants.h in Headers */,
				D465A4460C00E2E100F9DF1D /* FuseFSProtocol.h in Headers */,
				D465A4470C00E2E100F9DF1D /* FuseUIProtocol.h in Headers */,
			);
			runOnlyForDeploymentPostprocessing = 0;
		};
/* End PBXHeadersBuildPhase section */

/* Begin PBXNativeTarget section */
		8D1107260486CEB800E47090 /* MacFusion */ = {
			isa = PBXNativeTarget;
			buildConfigurationList = C01FCF4A08A954540054247B /* Build configuration list for PBXNativeTarget "MacFusion" */;
			buildPhases = (
				8D1107290486CEB800E47090 /* Resources */,
				8D11072C0486CEB800E47090 /* Sources */,
				8D11072E0486CEB800E47090 /* Frameworks */,
				D409AAD50B5B501200CE77A3 /* CopyFiles */,
				D44C0B9D0B610F9000C778DC /* CopyFiles */,
				D465A4240C00E29700F9DF1D /* Headers */,
			);
			buildRules = (
			);
			dependencies = (
			);
			name = MacFusion;
			productInstallPath = "$(HOME)/Applications";
			productName = MacFusion;
			productReference = 8D1107320486CEB800E47090 /* MacFusion.app */;
			productType = "com.apple.product-type.application";
		};
		D45D9BB90B756329002E6C08 /* askpass */ = {
			isa = PBXNativeTarget;
			buildConfigurationList = D45D9BC60B756344002E6C08 /* Build configuration list for PBXNativeTarget "askpass" */;
			buildPhases = (
				D45D9BB70B756329002E6C08 /* Sources */,
				D45D9BB80B756329002E6C08 /* Frameworks */,
			);
			buildRules = (
			);
			dependencies = (
			);
			name = askpass;
			productName = askpass;
			productReference = D45D9BBA0B756329002E6C08 /* askpass */;
			productType = "com.apple.product-type.tool";
		};
		D4E11F0E0BAECE5900C99A5F /* FTPFS */ = {
			isa = PBXNativeTarget;
			buildConfigurationList = D4E11F170BAECEA700C99A5F /* Build configuration list for PBXNativeTarget "FTPFS" */;
			buildPhases = (
				D4E11F0B0BAECE5900C99A5F /* Resources */,
				D4E11F560BAED27B00C99A5F /* CopyFiles */,
				D4E11F0C0BAECE5900C99A5F /* Sources */,
				D4E11F0D0BAECE5900C99A5F /* Frameworks */,
			);
			buildRules = (
			);
			dependencies = (
				D49D66D80C0110CE00891D09 /* PBXTargetDependency */,
			);
			name = FTPFS;
			productName = FTPFS;
			productReference = D4E11F0F0BAECE5900C99A5F /* FTPFS.plugin */;
			productType = "com.apple.product-type.bundle";
		};
		D4F82A3A0B5BEB480061B029 /* SSHFS */ = {
			isa = PBXNativeTarget;
			buildConfigurationList = D4F82A3D0B5BEB480061B029 /* Build configuration list for PBXNativeTarget "SSHFS" */;
			buildPhases = (
				D45D9AB80B755FD9002E6C08 /* CopyFiles */,
				D4F82A370B5BEB480061B029 /* Resources */,
				D4F82A380B5BEB480061B029 /* Sources */,
			);
			buildRules = (
			);
			dependencies = (
				D49D66DA0C0110D100891D09 /* PBXTargetDependency */,
				D45D9BEA0B7563DC002E6C08 /* PBXTargetDependency */,
			);
			name = SSHFS;
			productName = SSHFS;
			productReference = D4F82A3B0B5BEB480061B029 /* SSHFS.plugin */;
			productType = "com.apple.product-type.bundle";
		};
/* End PBXNativeTarget section */

/* Begin PBXProject section */
		29B97313FDCFA39411CA2CEA /* Project object */ = {
			isa = PBXProject;
			buildConfigurationList = C01FCF4E08A954540054247B /* Build configuration list for PBXProject "MacFusion" */;
			hasScannedForEncodings = 1;
			mainGroup = 29B97314FDCFA39411CA2CEA /* MacFusion */;
			projectDirPath = "";
			targets = (
				8D1107260486CEB800E47090 /* MacFusion */,
				D4E11F0E0BAECE5900C99A5F /* FTPFS */,
				D4F82A3A0B5BEB480061B029 /* SSHFS */,
				D45D9BB90B756329002E6C08 /* askpass */,
				D49D66890C00ED0900891D09 /* MacFusion + Plugins */,
			);
		};
/* End PBXProject section */

/* Begin PBXResourcesBuildPhase section */
		8D1107290486CEB800E47090 /* Resources */ = {
			isa = PBXResourcesBuildPhase;
			buildActionMask = 2147483647;
			files = (
				8D11072A0486CEB800E47090 /* MainMenu.nib in Resources */,
				8D11072B0486CEB800E47090 /* InfoPlist.strings in Resources */,
				D4A121CC0B7C239800F565DC /* Credits.rtf in Resources */,
				D40962140B80E2CE00EABE40 /* FancyFavorites.nib in Resources */,
				D40969C20B8264A800EABE40 /* EditFavorites.nib in Resources */,
				D4EBB62C0B850FCC00967958 /* minus-8.png in Resources */,
				D4EBB62E0B85101700967958 /* plus-8.png in Resources */,
				D4A6C2190B8760EC00B51E6D /* MacFusionPreferences.nib in Resources */,
				D43D356B0BA8C9E100282A8D /* MacFusion.icns in Resources */,
				D4F37FC50BB5FC0900620C5F /* MacFusion_Menu_Light.png in Resources */,
				D4F37FC60BB5FC0900620C5F /* MacFusion_Menu_Dark.png in Resources */,
				D4AA833B0BC028FA00BCE886 /* MacFusion_Dialog_Warning.icns in Resources */,
				D4AA833C0BC028FA00BCE886 /* MacFusion_Dialog_Question.icns in Resources */,
				D48F05480BEAF2F00090C3D6 /* MacFusionLogging.nib in Resources */,
			);
			runOnlyForDeploymentPostprocessing = 0;
		};
		D4E11F0B0BAECE5900C99A5F /* Resources */ = {
			isa = PBXResourcesBuildPhase;
			buildActionMask = 2147483647;
			files = (
				D4E11F840BAF083300C99A5F /* FTPFS-Info.plist in Resources */,
				D474679A0BB09EA100FD68CA /* curlftpfs-static in Resources */,
				D4F37FD90BB5FDF900620C5F /* FTPFS.nib in Resources */,
				D4A41D870BB6E6EF00D12576 /* FTPFS.icns in Resources */,
			);
			runOnlyForDeploymentPostprocessing = 0;
		};
		D4F82A370B5BEB480061B029 /* Resources */ = {
			isa = PBXResourcesBuildPhase;
			buildActionMask = 2147483647;
			files = (
				D4F82A6F0B5BEBEE0061B029 /* SSHFS-Info.plist in Resources */,
				D4F82A440B5BEB630061B029 /* SSHFS.nib in Resources */,
				D40C7C420BADA3D100567D29 /* sshfs-static in Resources */,
				D4A41D730BB6CB6D00D12576 /* SSHFS.icns in Resources */,
			);
			runOnlyForDeploymentPostprocessing = 0;
		};
/* End PBXResourcesBuildPhase section */

/* Begin PBXSourcesBuildPhase section */
		8D11072C0486CEB800E47090 /* Sources */ = {
			isa = PBXSourcesBuildPhase;
			buildActionMask = 2147483647;
			files = (
				8D11072D0486CEB800E47090 /* main.m in Sources */,
				D4498D060B5A371D003B9DFF /* MacFusionController.m in Sources */,
				D42AEF820B5FD379008C6F84 /* MacFusionConstants.m in Sources */,
				D40962110B80E21100EABE40 /* FancyFavoritesController.m in Sources */,
				D409623E0B80E41900EABE40 /* MacFusionFSCell.m in Sources */,
				D40966EB0B812A7500EABE40 /* MacFusionStatusCell.m in Sources */,
				D40969C60B82658F00EABE40 /* EditController.m in Sources */,
				D4EBB35C0B84037400967958 /* MacFusionActionButton.m in Sources */,
				D4A6BA810B867E7600B51E6D /* RoundedRectangles.m in Sources */,
				D4A6BB7E0B8684A300B51E6D /* CTGradient.m in Sources */,
				D4A6BFEF0B86CFB800B51E6D /* MacFusionTableView.m in Sources */,
				D4CDBE810B90C88C00F6BA84 /* PreferencesController.m in Sources */,
				D4F380360BB6068300620C5F /* MacFusionIconCell.m in Sources */,
				D4AA81CB0BBF7E7700BCE886 /* MacFusionSmoothImageView.m in Sources */,
				D48F046D0BEAD4DB0090C3D6 /* MFLoggingController.m in Sources */,
				D4C9224B0BF6C502006A5858 /* NSColorAdditions.m in Sources */,
			);
			runOnlyForDeploymentPostprocessing = 0;
		};
		D45D9BB70B756329002E6C08 /* Sources */ = {
			isa = PBXSourcesBuildPhase;
			buildActionMask = 2147483647;
			files = (
				D45D9BCF0B75635D002E6C08 /* askpass.c in Sources */,
			);
			runOnlyForDeploymentPostprocessing = 0;
		};
		D4E11F0C0BAECE5900C99A5F /* Sources */ = {
			isa = PBXSourcesBuildPhase;
			buildActionMask = 2147483647;
			files = (
				D4B011730BBF0402002EABD3 /* ftp_askpass.m in Sources */,
				D4E11F130BAECE7F00C99A5F /* FTPFS.m in Sources */,
				D4E11F150BAECE7F00C99A5F /* FTPFSUIController.m in Sources */,
			);
			runOnlyForDeploymentPostprocessing = 0;
		};
		D4F82A380B5BEB480061B029 /* Sources */ = {
			isa = PBXSourcesBuildPhase;
			buildActionMask = 2147483647;
			files = (
				D4F82A460B5BEB6D0061B029 /* SSHFS.m in Sources */,
				D4F124BF0B5C6D1D002BAA40 /* SSHFSUIController.m in Sources */,
			);
			runOnlyForDeploymentPostprocessing = 0;
		};
/* End PBXSourcesBuildPhase section */

/* Begin PBXTargetDependency section */
		D45D9BEA0B7563DC002E6C08 /* PBXTargetDependency */ = {
			isa = PBXTargetDependency;
			target = D45D9BB90B756329002E6C08 /* askpass */;
			targetProxy = D45D9BE90B7563DC002E6C08 /* PBXContainerItemProxy */;
		};
		D49D668B0C00ED1200891D09 /* PBXTargetDependency */ = {
			isa = PBXTargetDependency;
			target = D4E11F0E0BAECE5900C99A5F /* FTPFS */;
			targetProxy = D49D668A0C00ED1200891D09 /* PBXContainerItemProxy */;
		};
		D49D668D0C00ED1300891D09 /* PBXTargetDependency */ = {
			isa = PBXTargetDependency;
			target = D4F82A3A0B5BEB480061B029 /* SSHFS */;
			targetProxy = D49D668C0C00ED1300891D09 /* PBXContainerItemProxy */;
		};
		D49D66A00C00ED1500891D09 /* PBXTargetDependency */ = {
			isa = PBXTargetDependency;
			target = 8D1107260486CEB800E47090 /* MacFusion */;
			targetProxy = D49D669F0C00ED1500891D09 /* PBXContainerItemProxy */;
		};
		D49D66D80C0110CE00891D09 /* PBXTargetDependency */ = {
			isa = PBXTargetDependency;
			target = 8D1107260486CEB800E47090 /* MacFusion */;
			targetProxy = D49D66D70C0110CE00891D09 /* PBXContainerItemProxy */;
		};
		D49D66DA0C0110D100891D09 /* PBXTargetDependency */ = {
			isa = PBXTargetDependency;
			target = 8D1107260486CEB800E47090 /* MacFusion */;
			targetProxy = D49D66D90C0110D100891D09 /* PBXContainerItemProxy */;
		};
/* End PBXTargetDependency section */

/* Begin PBXVariantGroup section */
		089C165CFE840E0CC02AAC07 /* InfoPlist.strings */ = {
			isa = PBXVariantGroup;
			children = (
				089C165DFE840E0CC02AAC07 /* English */,
			);
			name = InfoPlist.strings;
			sourceTree = "<group>";
		};
		29B97318FDCFA39411CA2CEA /* MainMenu.nib */ = {
			isa = PBXVariantGroup;
			children = (
				29B97319FDCFA39411CA2CEA /* English */,
			);
			name = MainMenu.nib;
			sourceTree = "<group>";
		};
		D40962120B80E2CE00EABE40 /* FancyFavorites.nib */ = {
			isa = PBXVariantGroup;
			children = (
				D40962130B80E2CE00EABE40 /* English */,
			);
			name = FancyFavorites.nib;
			sourceTree = "<group>";
		};
		D40969C00B8264A800EABE40 /* EditFavorites.nib */ = {
			isa = PBXVariantGroup;
			children = (
				D40969C10B8264A800EABE40 /* English */,
			);
			name = EditFavorites.nib;
			sourceTree = "<group>";
		};
		D48F05460BEAF2F00090C3D6 /* MacFusionLogging.nib */ = {
			isa = PBXVariantGroup;
			children = (
				D48F05470BEAF2F00090C3D6 /* English */,
			);
			name = MacFusionLogging.nib;
			sourceTree = "<group>";
		};
		D4A6C2170B8760EC00B51E6D /* MacFusionPreferences.nib */ = {
			isa = PBXVariantGroup;
			children = (
				D4A6C2180B8760EC00B51E6D /* English */,
			);
			name = MacFusionPreferences.nib;
			sourceTree = "<group>";
		};
/* End PBXVariantGroup section */

/* Begin XCBuildConfiguration section */
		C01FCF4B08A954540054247B /* Debug */ = {
			isa = XCBuildConfiguration;
			buildSettings = {
				COPY_PHASE_STRIP = NO;
				FRAMEWORK_SEARCH_PATHS = (
					"$(inherited)",
					"$(FRAMEWORK_SEARCH_PATHS_QUOTED_1)",
					"$(SRCROOT)",
				);
				FRAMEWORK_SEARCH_PATHS_QUOTED_1 = "\"$(SRCROOT)\"";
				GCC_DYNAMIC_NO_PIC = NO;
				GCC_ENABLE_FIX_AND_CONTINUE = YES;
				GCC_MODEL_TUNING = G5;
				GCC_OPTIMIZATION_LEVEL = 0;
				INFOPLIST_FILE = Info.plist;
				INSTALL_PATH = "$(HOME)/Applications";
				KEEP_PRIVATE_EXTERNS = YES;
				PRODUCT_NAME = MacFusion;
				STRIP_STYLE = debugging;
				WRAPPER_EXTENSION = app;
				ZERO_LINK = YES;
			};
			name = Debug;
		};
		C01FCF4C08A954540054247B /* Release */ = {
			isa = XCBuildConfiguration;
			buildSettings = {
				ARCHS = (
					ppc,
					i386,
				);
				FRAMEWORK_SEARCH_PATHS = (
					"$(inherited)",
					"$(FRAMEWORK_SEARCH_PATHS_QUOTED_1)",
					"$(SRCROOT)",
				);
				FRAMEWORK_SEARCH_PATHS_QUOTED_1 = "\"$(SRCROOT)\"";
				GCC_GENERATE_DEBUGGING_SYMBOLS = NO;
				GCC_MODEL_TUNING = G5;
				INFOPLIST_FILE = Info.plist;
				INSTALL_PATH = "$(HOME)/Applications";
				KEEP_PRIVATE_EXTERNS = YES;
				PRODUCT_NAME = MacFusion;
				STRIP_STYLE = debugging;
				WRAPPER_EXTENSION = app;
			};
			name = Release;
		};
		C01FCF4F08A954540054247B /* Debug */ = {
			isa = XCBuildConfiguration;
			buildSettings = {
				ARCHS = (
					ppc,
					i386,
				);
				GCC_WARN_ABOUT_RETURN_TYPE = YES;
				GCC_WARN_UNUSED_VARIABLE = YES;
				PREBINDING = NO;
				SDKROOT = /Developer/SDKs/MacOSX10.4u.sdk;
			};
			name = Debug;
		};
		C01FCF5008A954540054247B /* Release */ = {
			isa = XCBuildConfiguration;
			buildSettings = {
				ARCHS = (
					ppc,
					i386,
				);
				GCC_WARN_ABOUT_RETURN_TYPE = YES;
				GCC_WARN_UNUSED_VARIABLE = YES;
				PREBINDING = NO;
				SDKROOT = /Developer/SDKs/MacOSX10.4u.sdk;
			};
			name = Release;
		};
		D45D9BC70B756344002E6C08 /* Debug */ = {
			isa = XCBuildConfiguration;
			buildSettings = {
				COPY_PHASE_STRIP = NO;
				GCC_DYNAMIC_NO_PIC = NO;
				GCC_ENABLE_FIX_AND_CONTINUE = YES;
				GCC_GENERATE_DEBUGGING_SYMBOLS = YES;
				GCC_MODEL_TUNING = G5;
				GCC_OPTIMIZATION_LEVEL = 0;
				INSTALL_PATH = "$(HOME)/bin";
				PREBINDING = NO;
				PRODUCT_NAME = askpass;
				ZERO_LINK = YES;
			};
			name = Debug;
		};
		D45D9BC80B756344002E6C08 /* Release */ = {
			isa = XCBuildConfiguration;
			buildSettings = {
				COPY_PHASE_STRIP = YES;
				GCC_ENABLE_FIX_AND_CONTINUE = NO;
				GCC_GENERATE_DEBUGGING_SYMBOLS = NO;
				GCC_MODEL_TUNING = G5;
				INSTALL_PATH = "$(HOME)/bin";
				PREBINDING = NO;
				PRODUCT_NAME = askpass;
				ZERO_LINK = NO;
			};
			name = Release;
		};
		D49D66B30C00ED5600891D09 /* Debug */ = {
			isa = XCBuildConfiguration;
			buildSettings = {
				COPY_PHASE_STRIP = NO;
				GCC_DYNAMIC_NO_PIC = NO;
				GCC_GENERATE_DEBUGGING_SYMBOLS = YES;
				GCC_OPTIMIZATION_LEVEL = 0;
				PRODUCT_NAME = MacFusionTotalBundle;
			};
			name = Debug;
		};
		D49D66B40C00ED5600891D09 /* Release */ = {
			isa = XCBuildConfiguration;
			buildSettings = {
				COPY_PHASE_STRIP = YES;
				GCC_ENABLE_FIX_AND_CONTINUE = NO;
				GCC_GENERATE_DEBUGGING_SYMBOLS = NO;
				PRODUCT_NAME = MacFusionTotalBundle;
				ZERO_LINK = NO;
			};
			name = Release;
		};
		D4E11F180BAECEA700C99A5F /* Debug */ = {
			isa = XCBuildConfiguration;
			buildSettings = {
				BUNDLE_LOADER = $CONFIGURATION_BUILD_DIR/MacFusion.app/Contents/MacOS/MacFusion;
				COPY_PHASE_STRIP = NO;
				GCC_DYNAMIC_NO_PIC = NO;
				GCC_ENABLE_FIX_AND_CONTINUE = YES;
				GCC_GENERATE_DEBUGGING_SYMBOLS = YES;
				GCC_MODEL_TUNING = G5;
				GCC_OPTIMIZATION_LEVEL = 0;
				GCC_PRECOMPILE_PREFIX_HEADER = YES;
				GCC_PREFIX_HEADER = "$(SYSTEM_LIBRARY_DIR)/Frameworks/AppKit.framework/Headers/AppKit.h";
				INFOPLIST_FILE = "FTPFS/FTPFS-Info.plist";
				INSTALL_PATH = "$(HOME)/Library/Bundles";
				LIBRARY_SEARCH_PATHS = (
					"$(inherited)",
					"$(LIBRARY_SEARCH_PATHS_QUOTED_1)",
				);
				LIBRARY_SEARCH_PATHS_QUOTED_1 = "\"$(SRCROOT)/FTPFS\"";
				LINK_WITH_STANDARD_LIBRARIES = YES;
				OTHER_LDFLAGS = (
					"-framework",
					Foundation,
					"-framework",
					AppKit,
				);
				PREBINDING = NO;
				PRODUCT_NAME = FTPFS;
				SYMROOT = build;
				WRAPPER_EXTENSION = plugin;
				ZERO_LINK = NO;
			};
			name = Debug;
		};
		D4E11F190BAECEA700C99A5F /* Release */ = {
			isa = XCBuildConfiguration;
			buildSettings = {
				BUNDLE_LOADER = $CONFIGURATION_BUILD_DIR/MacFusion.app/Contents/MacOS/MacFusion;
				COPY_PHASE_STRIP = YES;
				GCC_ENABLE_FIX_AND_CONTINUE = NO;
				GCC_GENERATE_DEBUGGING_SYMBOLS = NO;
				GCC_MODEL_TUNING = G5;
				GCC_PRECOMPILE_PREFIX_HEADER = YES;
				GCC_PREFIX_HEADER = "$(SYSTEM_LIBRARY_DIR)/Frameworks/AppKit.framework/Headers/AppKit.h";
				INFOPLIST_FILE = "FTPFS/FTPFS-Info.plist";
				INSTALL_PATH = "$(HOME)/Library/Bundles";
				LIBRARY_SEARCH_PATHS = (
					"$(inherited)",
					"$(LIBRARY_SEARCH_PATHS_QUOTED_1)",
				);
				LIBRARY_SEARCH_PATHS_QUOTED_1 = "\"$(SRCROOT)/FTPFS\"";
				LINK_WITH_STANDARD_LIBRARIES = YES;
				OTHER_LDFLAGS = (
					"-framework",
					Foundation,
					"-framework",
					AppKit,
				);
				PREBINDING = NO;
				PRODUCT_NAME = FTPFS;
				SYMROOT = build;
				WRAPPER_EXTENSION = plugin;
				ZERO_LINK = NO;
			};
			name = Release;
		};
		D4F82A3E0B5BEB480061B029 /* Debug */ = {
			isa = XCBuildConfiguration;
			buildSettings = {
				BUNDLE_LOADER = $CONFIGURATION_BUILD_DIR/MacFusion.app/Contents/MacOS/MacFusion;
				COPY_PHASE_STRIP = NO;
				FRAMEWORK_SEARCH_PATHS = (
					"$(inherited)",
					"$(FRAMEWORK_SEARCH_PATHS_QUOTED_1)",
				);
				FRAMEWORK_SEARCH_PATHS_QUOTED_1 = "\"$(SRCROOT)\"";
				GCC_DYNAMIC_NO_PIC = NO;
				GCC_ENABLE_FIX_AND_CONTINUE = YES;
				GCC_GENERATE_DEBUGGING_SYMBOLS = YES;
				GCC_MODEL_TUNING = G5;
				GCC_OPTIMIZATION_LEVEL = 0;
				GCC_PRECOMPILE_PREFIX_HEADER = YES;
				GCC_PREFIX_HEADER = "$(SYSTEM_LIBRARY_DIR)/Frameworks/AppKit.framework/Headers/AppKit.h";
				INFOPLIST_FILE = "SSHFS/SSHFS-Info.plist";
				INSTALL_PATH = "$(HOME)/Library/Bundles";
				LIBRARY_SEARCH_PATHS = "";
				OTHER_LDFLAGS = (
					"-framework",
					Foundation,
					"-framework",
					AppKit,
				);
				PREBINDING = NO;
				PRODUCT_NAME = SSHFS;
				WRAPPER_EXTENSION = plugin;
				ZERO_LINK = NO;
			};
			name = Debug;
		};
		D4F82A3F0B5BEB480061B029 /* Release */ = {
			isa = XCBuildConfiguration;
			buildSettings = {
				BUNDLE_LOADER = $CONFIGURATION_BUILD_DIR/MacFusion.app/Contents/MacOS/MacFusion;
				COPY_PHASE_STRIP = YES;
				FRAMEWORK_SEARCH_PATHS = (
					"$(inherited)",
					"$(FRAMEWORK_SEARCH_PATHS_QUOTED_1)",
				);
				FRAMEWORK_SEARCH_PATHS_QUOTED_1 = "\"$(SRCROOT)\"";
				GCC_ENABLE_FIX_AND_CONTINUE = NO;
				GCC_GENERATE_DEBUGGING_SYMBOLS = NO;
				GCC_MODEL_TUNING = G5;
				GCC_PRECOMPILE_PREFIX_HEADER = YES;
				GCC_PREFIX_HEADER = "$(SYSTEM_LIBRARY_DIR)/Frameworks/AppKit.framework/Headers/AppKit.h";
				INFOPLIST_FILE = "SSHFS/SSHFS-Info.plist";
				INSTALL_PATH = "$(HOME)/Library/Bundles";
				LIBRARY_SEARCH_PATHS = "";
				OTHER_LDFLAGS = (
					"-framework",
					Foundation,
					"-framework",
					AppKit,
				);
				PREBINDING = NO;
				PRODUCT_NAME = SSHFS;
				WRAPPER_EXTENSION = plugin;
				ZERO_LINK = NO;
			};
			name = Release;
		};
/* End XCBuildConfiguration section */

/* Begin XCConfigurationList section */
		C01FCF4A08A954540054247B /* Build configuration list for PBXNativeTarget "MacFusion" */ = {
			isa = XCConfigurationList;
			buildConfigurations = (
				C01FCF4B08A954540054247B /* Debug */,
				C01FCF4C08A954540054247B /* Release */,
			);
			defaultConfigurationIsVisible = 0;
			defaultConfigurationName = Release;
		};
		C01FCF4E08A954540054247B /* Build configuration list for PBXProject "MacFusion" */ = {
			isa = XCConfigurationList;
			buildConfigurations = (
				C01FCF4F08A954540054247B /* Debug */,
				C01FCF5008A954540054247B /* Release */,
			);
			defaultConfigurationIsVisible = 0;
			defaultConfigurationName = Release;
		};
		D45D9BC60B756344002E6C08 /* Build configuration list for PBXNativeTarget "askpass" */ = {
			isa = XCConfigurationList;
			buildConfigurations = (
				D45D9BC70B756344002E6C08 /* Debug */,
				D45D9BC80B756344002E6C08 /* Release */,
			);
			defaultConfigurationIsVisible = 0;
			defaultConfigurationName = Release;
		};
		D49D66B20C00ED5600891D09 /* Build configuration list for PBXAggregateTarget "MacFusion + Plugins" */ = {
			isa = XCConfigurationList;
			buildConfigurations = (
				D49D66B30C00ED5600891D09 /* Debug */,
				D49D66B40C00ED5600891D09 /* Release */,
			);
			defaultConfigurationIsVisible = 0;
			defaultConfigurationName = Release;
		};
		D4E11F170BAECEA700C99A5F /* Build configuration list for PBXNativeTarget "FTPFS" */ = {
			isa = XCConfigurationList;
			buildConfigurations = (
				D4E11F180BAECEA700C99A5F /* Debug */,
				D4E11F190BAECEA700C99A5F /* Release */,
			);
			defaultConfigurationIsVisible = 0;
			defaultConfigurationName = Release;
		};
		D4F82A3D0B5BEB480061B029 /* Build configuration list for PBXNativeTarget "SSHFS" */ = {
			isa = XCConfigurationList;
			buildConfigurations = (
				D4F82A3E0B5BEB480061B029 /* Debug */,
				D4F82A3F0B5BEB480061B029 /* Release */,
			);
			defaultConfigurationIsVisible = 0;
			defaultConfigurationName = Release;
		};
/* End XCConfigurationList section */
	};
	rootObject = 29B97313FDCFA39411CA2CEA /* Project object */;
}
